// !$*UTF8*$!
{
	archiveVersion = 1;
	classes = {
	};
	objectVersion = 46;
	objects = {

/* Begin PBXBuildFile section */
		69E8B90E1C91271C006F3B10 /* main.m in Sources */ = {isa = PBXBuildFile; fileRef = 69E8B90D1C91271C006F3B10 /* main.m */; };
		69E8B9111C91271C006F3B10 /* AppDelegate.m in Sources */ = {isa = PBXBuildFile; fileRef = 69E8B9101C91271C006F3B10 /* AppDelegate.m */; };
		69E8B9141C91271C006F3B10 /* ViewController.m in Sources */ = {isa = PBXBuildFile; fileRef = 69E8B9131C91271C006F3B10 /* ViewController.m */; };
		69E8B9171C91271C006F3B10 /* Main.storyboard in Resources */ = {isa = PBXBuildFile; fileRef = 69E8B9151C91271C006F3B10 /* Main.storyboard */; };
		69E8B9191C91271C006F3B10 /* Assets.xcassets in Resources */ = {isa = PBXBuildFile; fileRef = 69E8B9181C91271C006F3B10 /* Assets.xcassets */; };
		69E8B91C1C91271C006F3B10 /* LaunchScreen.storyboard in Resources */ = {isa = PBXBuildFile; fileRef = 69E8B91A1C91271C006F3B10 /* LaunchScreen.storyboard */; };
/* End PBXBuildFile section */

/* Begin PBXFileReference section */
		69E8B9091C91271C006F3B10 /* Acromine.app */ = {isa = PBXFileReference; explicitFileType = wrapper.application; includeInIndex = 0; path = Acromine.app; sourceTree = BUILT_PRODUCTS_DIR; };
		69E8B90D1C91271C006F3B10 /* main.m */ = {isa = PBXFileReference; lastKnownFileType = sourcecode.c.objc; path = main.m; sourceTree = "<group>"; };
		69E8B90F1C91271C006F3B10 /* AppDelegate.h */ = {isa = PBXFileReference; lastKnownFileType = sourcecode.c.h; path = AppDelegate.h; sourceTree = "<group>"; };
		69E8B9101C91271C006F3B10 /* AppDelegate.m */ = {isa = PBXFileReference; lastKnownFileType = sourcecode.c.objc; path = AppDelegate.m; sourceTree = "<group>"; };
		69E8B9121C91271C006F3B10 /* ViewController.h */ = {isa = PBXFileReference; lastKnownFileType = sourcecode.c.h; path = ViewController.h; sourceTree = "<group>"; };
		69E8B9131C91271C006F3B10 /* ViewController.m */ = {isa = PBXFileReference; lastKnownFileType = sourcecode.c.objc; path = ViewController.m; sourceTree = "<group>"; };
		69E8B9161C91271C006F3B10 /* Base */ = {isa = PBXFileReference; lastKnownFileType = file.storyboard; name = Base; path = Base.lproj/Main.storyboard; sourceTree = "<group>"; };
		69E8B9181C91271C006F3B10 /* Assets.xcassets */ = {isa = PBXFileReference; lastKnownFileType = folder.assetcatalog; path = Assets.xcassets; sourceTree = "<group>"; };
		69E8B91B1C91271C006F3B10 /* Base */ = {isa = PBXFileReference; lastKnownFileType = file.storyboard; name = Base; path = Base.lproj/LaunchScreen.storyboard; sourceTree = "<group>"; };
		69E8B91D1C91271C006F3B10 /* Info.plist */ = {isa = PBXFileReference; lastKnownFileType = text.plist.xml; path = Info.plist; sourceTree = "<group>"; };
/* End PBXFileReference section */

/* Begin PBXFrameworksBuildPhase section */
		69E8B9061C91271C006F3B10 /* Frameworks */ = {
			isa = PBXFrameworksBuildPhase;
			buildActionMask = 2147483647;
			files = (
			);
			runOnlyForDeploymentPostprocessing = 0;
		};
/* End PBXFrameworksBuildPhase section */

/* Begin PBXGroup section */
		69E8B9001C91271C006F3B10 = {
			isa = PBXGroup;
			children = (
				69E8B90B1C91271C006F3B10 /* Acromine */,
				69E8B90A1C91271C006F3B10 /* Products */,
			);
			sourceTree = "<group>";
		};
		69E8B90A1C91271C006F3B10 /* Products */ = {
			isa = PBXGroup;
			children = (
				69E8B9091C91271C006F3B10 /* Acromine.app */,
			);
			name = Products;
			sourceTree = "<group>";
		};
		69E8B90B1C91271C006F3B10 /* Acromine */ = {
			isa = PBXGroup;
			children = (
				69E8B90F1C91271C006F3B10 /* AppDelegate.h */,
				69E8B9101C91271C006F3B10 /* AppDelegate.m */,
				69E8B9121C91271C006F3B10 /* ViewController.h */,
				69E8B9131C91271C006F3B10 /* ViewController.m */,
				69E8B9151C91271C006F3B10 /* Main.storyboard */,
				69E8B9181C91271C006F3B10 /* Assets.xcassets */,
				69E8B91A1C91271C006F3B10 /* LaunchScreen.storyboard */,
				69E8B91D1C91271C006F3B10 /* Info.plist */,
				69E8B90C1C91271C006F3B10 /* Supporting Files */,
			);
			path = Acromine;
			sourceTree = "<group>";
		};
		69E8B90C1C91271C006F3B10 /* Supporting Files */ = {
			isa = PBXGroup;
			children = (
				69E8B90D1C91271C006F3B10 /* main.m */,
			);
			name = "Supporting Files";
			sourceTree = "<group>";
		};
/* End PBXGroup section */

/* Begin PBXNativeTarget section */
		69E8B9081C91271C006F3B10 /* Acromine */ = {
			isa = PBXNativeTarget;
			buildConfigurationList = 69E8B9201C91271C006F3B10 /* Build configuration list for PBXNativeTarget "Acromine" */;
			buildPhases = (
				69E8B9051C91271C006F3B10 /* Sources */,
				69E8B9061C91271C006F3B10 /* Frameworks */,
				69E8B9071C91271C006F3B10 /* Resources */,
			);
			buildRules = (
			);
			dependencies = (
			);
			name = Acromine;
			productName = Acromine;
			productReference = 69E8B9091C91271C006F3B10 /* Acromine.app */;
			productType = "com.apple.product-type.application";
		};
/* End PBXNativeTarget section */

/* Begin PBXProject section */
		69E8B9011C91271C006F3B10 /* Project object */ = {
			isa = PBXProject;
			attributes = {
				LastUpgradeCheck = 0720;
				ORGANIZATIONNAME = "Swapnil Ratnaparkhi";
				TargetAttributes = {
					69E8B9081C91271C006F3B10 = {
						CreatedOnToolsVersion = 7.2.1;
					};
				};
			};
			buildConfigurationList = 69E8B9041C91271C006F3B10 /* Build configuration list for PBXProject "Acromine" */;
			compatibilityVersion = "Xcode 3.2";
			developmentRegion = English;
			hasScannedForEncodings = 0;
			knownRegions = (
				en,
				Base,
			);
			mainGroup = 69E8B9001C91271C006F3B10;
			productRefGroup = 69E8B90A1C91271C006F3B10 /* Products */;
			projectDirPath = "";
			projectRoot = "";
			targets = (
				69E8B9081C91271C006F3B10 /* Acromine */,
			);
		};
/* End PBXProject section */

/* Begin PBXResourcesBuildPhase section */
		69E8B9071C91271C006F3B10 /* Resources */ = {
			isa = PBXResourcesBuildPhase;
			buildActionMask = 2147483647;
			files = (
				69E8B91C1C91271C006F3B10 /* LaunchScreen.storyboard in Resources */,
				69E8B9191C91271C006F3B10 /* Assets.xcassets in Resources */,
				69E8B9171C91271C006F3B10 /* Main.storyboard in Resources */,
			);
			runOnlyForDeploymentPostprocessing = 0;
		};
/* End PBXResourcesBuildPhase section */

/* Begin PBXSourcesBuildPhase section */
		69E8B9051C91271C006F3B10 /* Sources */ = {
			isa = PBXSourcesBuildPhase;
			buildActionMask = 2147483647;
			files = (
				69E8B9141C91271C006F3B10 /* ViewController.m in Sources */,
				69E8B9111C91271C006F3B10 /* AppDelegate.m in Sources */,
				69E8B90E1C91271C006F3B10 /* main.m in Sources */,
			);
			runOnlyForDeploymentPostprocessing = 0;
		};
/* End PBXSourcesBuildPhase section */

/* Begin PBXVariantGroup section */
		69E8B9151C91271C006F3B10 /* Main.storyboard */ = {
			isa = PBXVariantGroup;
			children = (
				69E8B9161C91271C006F3B10 /* Base */,
			);
			name = Main.storyboard;
			sourceTree = "<group>";
		};
		69E8B91A1C91271C006F3B10 /* LaunchScreen.storyboard */ = {
			isa = PBXVariantGroup;
			children = (
				69E8B91B1C91271C006F3B10 /* Base */,
			);
			name = LaunchScreen.storyboard;
			sourceTree = "<group>";
		};
/* End PBXVariantGroup section */

/* Begin XCBuildConfiguration section */
		69E8B91E1C91271C006F3B10 /* Debug */ = {
			isa = XCBuildConfiguration;
			buildSettings = {
				ALWAYS_SEARCH_USER_PATHS = NO;
				CLANG_CXX_LANGUAGE_STANDARD = "gnu++0x";
				CLANG_CXX_LIBRARY = "libc++";
				CLANG_ENABLE_MODULES = YES;
				CLANG_ENABLE_OBJC_ARC = YES;
				CLANG_WARN_BOOL_CONVERSION = YES;
				CLANG_WARN_CONSTANT_CONVERSION = YES;
				CLANG_WARN_DIRECT_OBJC_ISA_USAGE = YES_ERROR;
				CLANG_WARN_EMPTY_BODY = YES;
				CLANG_WARN_ENUM_CONVERSION = YES;
				CLANG_WARN_INT_CONVERSION = YES;
				CLANG_WARN_OBJC_ROOT_CLASS = YES_ERROR;
				CLANG_WARN_UNREACHABLE_CODE = YES;
				CLANG_WARN__DUPLICATE_METHOD_MATCH = YES;
				"CODE_SIGN_IDENTITY[sdk=iphoneos*]" = "iPhone Developer";
				COPY_PHASE_STRIP = NO;
				DEBUG_INFORMATION_FORMAT = dwarf;
				ENABLE_STRICT_OBJC_MSGSEND = YES;
				ENABLE_TESTABILITY = YES;
				GCC_C_LANGUAGE_STANDARD = gnu99;
				GCC_DYNAMIC_NO_PIC = NO;
				GCC_NO_COMMON_BLOCKS = YES;
				GCC_OPTIMIZATION_LEVEL = 0;
				GCC_PREPROCESSOR_DEFINITIONS = (
					"DEBUG=1",
					"$(inherited)",
				);
				GCC_WARN_64_TO_32_BIT_CONVERSION = YES;
				GCC_WARN_ABOUT_RETURN_TYPE = YES_ERROR;
				GCC_WARN_UNDECLARED_SELECTOR = YES;
				GCC_WARN_UNINITIALIZED_AUTOS = YES_AGGRESSIVE;
				GCC_WARN_UNUSED_FUNCTION = YES;
				GCC_WARN_UNUSED_VARIABLE = YES;
				IPHONEOS_DEPLOYMENT_TARGET = 9.2;
				MTL_ENABLE_DEBUG_INFO = YES;
				ONLY_ACTIVE_ARCH = YES;
				SDKROOT = iphoneos;
				TARGETED_DEVICE_FAMILY = "1,2";
			};
			name = Debug;
		};
		69E8B91F1C91271C006F3B10 /* Release */ = {
			isa = XCBuildConfiguration;
			buildSettings = {
				ALWAYS_SEARCH_USER_PATHS = NO;
				CLANG_CXX_LANGUAGE_STANDARD = "gnu++0x";
				CLANG_CXX_LIBRARY = "libc++";
				CLANG_ENABLE_MODULES = YES;
				CLANG_ENABLE_OBJC_ARC = YES;
				CLANG_WARN_BOOL_CONVERSION = YES;
				CLANG_WARN_CONSTANT_CONVERSION = YES;
				CLANG_WARN_DIRECT_OBJC_ISA_USAGE = YES_ERROR;
				CLANG_WARN_EMPTY_BODY = YES;
				CLANG_WARN_ENUM_CONVERSION = YES;
				CLANG_WARN_INT_CONVERSION = YES;
				CLANG_WARN_OBJC_ROOT_CLASS = YES_ERROR;
				CLANG_WARN_UNREACHABLE_CODE = YES;
				CLANG_WARN__DUPLICATE_METHOD_MATCH = YES;
				"CODE_SIGN_IDENTITY[sdk=iphoneos*]" = "iPhone Developer";
				COPY_PHASE_STRIP = NO;
				DEBUG_INFORMATION_FORMAT = "dwarf-with-dsym";
				ENABLE_NS_ASSERTIONS = NO;
				ENABLE_STRICT_OBJC_MSGSEND = YES;
				GCC_C_LANGUAGE_STANDARD = gnu99;
				GCC_NO_COMMON_BLOCKS = YES;
				GCC_WARN_64_TO_32_BIT_CONVERSION = YES;
				GCC_WARN_ABOUT_RETURN_TYPE = YES_ERROR;
				GCC_WARN_UNDECLARED_SELECTOR = YES;
				GCC_WARN_UNINITIALIZED_AUTOS = YES_AGGRESSIVE;
				GCC_WARN_UNUSED_FUNCTION = YES;
				GCC_WARN_UNUSED_VARIABLE = YES;
				IPHONEOS_DEPLOYMENT_TARGET = 9.2;
				MTL_ENABLE_DEBUG_INFO = NO;
				SDKROOT = iphoneos;
				TARGETED_DEVICE_FAMILY = "1,2";
				VALIDATE_PRODUCT = YES;
			};
			name = Release;
		};
		69E8B9211C91271C006F3B10 /* Debug */ = {
			isa = XCBuildConfiguration;
			buildSettings = {
				ASSETCATALOG_COMPILER_APPICON_NAME = AppIcon;
				INFOPLIST_FILE = Acromine/Info.plist;
				LD_RUNPATH_SEARCH_PATHS = "$(inherited) @executable_path/Frameworks";
				PRODUCT_BUNDLE_IDENTIFIER = com.swapnil.Acromine;
				PRODUCT_NAME = "$(TARGET_NAME)";
			};
			name = Debug;
		};
		69E8B9221C91271C006F3B10 /* Release */ = {
			isa = XCBuildConfiguration;
			buildSettings = {
				ASSETCATALOG_COMPILER_APPICON_NAME = AppIcon;
				INFOPLIST_FILE = Acromine/Info.plist;
				LD_RUNPATH_SEARCH_PATHS = "$(inherited) @executable_path/Frameworks";
				PRODUCT_BUNDLE_IDENTIFIER = com.swapnil.Acromine;
				PRODUCT_NAME = "$(TARGET_NAME)";
			};
			name = Release;
		};
/* End XCBuildConfiguration section */

/* Begin XCConfigurationList section */
		69E8B9041C91271C006F3B10 /* Build configuration list for PBXProject "Acromine" */ = {
			isa = XCConfigurationList;
			buildConfigurations = (
				69E8B91E1C91271C006F3B10 /* Debug */,
				69E8B91F1C91271C006F3B10 /* Release */,
			);
			defaultConfigurationIsVisible = 0;
			defaultConfigurationName = Release;
		};
		69E8B9201C91271C006F3B10 /* Build configuration list for PBXNativeTarget "Acromine" */ = {
			isa = XCConfigurationList;
			buildConfigurations = (
				69E8B9211C91271C006F3B10 /* Debug */,
				69E8B9221C91271C006F3B10 /* Release */,
			);
			defaultConfigurationIsVisible = 0;
		};
/* End XCConfigurationList section */
	};
	rootObject = 69E8B9011C91271C006F3B10 /* Project object */;
}
